
Microsoft Visual Studio Solution File, Format Version 12.00
# Visual Studio Version 17
VisualStudioVersion = 17.14.36109.1 d17.14
MinimumVisualStudioVersion = 10.0.40219.1
Project("{FAE04EC0-301F-11D3-BF4B-00C04F79EFBC}") = "StudentScoreManager", "StudentScoreManager.csproj", "{40396EF5-9CDA-4B32-9685-96FF5D6FD972}"
EndProject
Project("{FAE04EC0-301F-11D3-BF4B-00C04F79EFBC}") = "BusinessObject", "..\BusinessLogic\BusinessObject.csproj", "{D984F590-9AE9-4681-A11C-BD510E9B6253}"
EndProject
Global
	GlobalSection(SolutionConfigurationPlatforms) = preSolution
		Debug|Any CPU = Debug|Any CPU
		Release|Any CPU = Release|Any CPU
	EndGlobalSection
	GlobalSection(ProjectConfigurationPlatforms) = postSolution
		{40396EF5-9CDA-4B32-9685-96FF5D6FD972}.Debug|Any CPU.ActiveCfg = Debug|Any CPU
		{40396EF5-9CDA-4B32-9685-96FF5D6FD972}.Debug|Any CPU.Build.0 = Debug|Any CPU
		{40396EF5-9CDA-4B32-9685-96FF5D6FD972}.Release|Any CPU.ActiveCfg = Release|Any CPU
		{40396EF5-9CDA-4B32-9685-96FF5D6FD972}.Release|Any CPU.Build.0 = Release|Any CPU
		{D984F590-9AE9-4681-A11C-BD510E9B6253}.Debug|Any CPU.ActiveCfg = Debug|Any CPU
		{D984F590-9AE9-4681-A11C-BD510E9B6253}.Debug|Any CPU.Build.0 = Debug|Any CPU
		{D984F590-9AE9-4681-A11C-BD510E9B6253}.Release|Any CPU.ActiveCfg = Release|Any CPU
		{D984F590-9AE9-4681-A11C-BD510E9B6253}.Release|Any CPU.Build.0 = Release|Any CPU
	EndGlobalSection
	GlobalSection(SolutionProperties) = preSolution
		HideSolutionNode = FALSE
	EndGlobalSection
	GlobalSection(ExtensibilityGlobals) = postSolution
		SolutionGuid = {84EFB37C-AD9B-4A42-8EF2-6FE54F96593D}
	EndGlobalSection
EndGlobal
